// !$*UTF8*$!
{
	archiveVersion = 1;
	classes = {
	};
	objectVersion = 51;
	objects = {

/* Begin PBXBuildFile section */
		8417FCCB23DA73AC009DA03C /* VoiceCallViewController.swift in Sources */ = {isa = PBXBuildFile; fileRef = 8417FCC823DA73AC009DA03C /* VoiceCallViewController.swift */; };
		8417FCCC23DA73AC009DA03C /* VideoCallViewController.swift in Sources */ = {isa = PBXBuildFile; fileRef = 8417FCC923DA73AC009DA03C /* VideoCallViewController.swift */; };
		8417FCCD23DA73AC009DA03C /* TableViewController.swift in Sources */ = {isa = PBXBuildFile; fileRef = 8417FCCA23DA73AC009DA03C /* TableViewController.swift */; };
		84798CFB23DA748500C57B5C /* TableViewItem.swift in Sources */ = {isa = PBXBuildFile; fileRef = 84798CFA23DA748500C57B5C /* TableViewItem.swift */; };
		84A1296D23DA727300E6B062 /* AppDelegate.swift in Sources */ = {isa = PBXBuildFile; fileRef = 84A1296C23DA727300E6B062 /* AppDelegate.swift */; };
		84A1297123DA727300E6B062 /* ViewController.swift in Sources */ = {isa = PBXBuildFile; fileRef = 84A1297023DA727300E6B062 /* ViewController.swift */; };
		84A1297423DA727300E6B062 /* Main.storyboard in Resources */ = {isa = PBXBuildFile; fileRef = 84A1297223DA727300E6B062 /* Main.storyboard */; };
		84A1297623DA727400E6B062 /* Assets.xcassets in Resources */ = {isa = PBXBuildFile; fileRef = 84A1297523DA727400E6B062 /* Assets.xcassets */; };
		84A1297923DA727400E6B062 /* LaunchScreen.storyboard in Resources */ = {isa = PBXBuildFile; fileRef = 84A1297723DA727400E6B062 /* LaunchScreen.storyboard */; };
		DE42AD86C220C6D5B36599FF /* Pods_BoostlingoQuickstart.framework in Frameworks */ = {isa = PBXBuildFile; fileRef = A40B2FEA5B81BC5114A9CA8B /* Pods_BoostlingoQuickstart.framework */; };
/* End PBXBuildFile section */

/* Begin PBXFileReference section */
		160B247F4E9B336B60D0F5EF /* Pods-BoostlingoQuickstart.release.xcconfig */ = {isa = PBXFileReference; includeInIndex = 1; lastKnownFileType = text.xcconfig; name = "Pods-BoostlingoQuickstart.release.xcconfig"; path = "Target Support Files/Pods-BoostlingoQuickstart/Pods-BoostlingoQuickstart.release.xcconfig"; sourceTree = "<group>"; };
		8417FCC823DA73AC009DA03C /* VoiceCallViewController.swift */ = {isa = PBXFileReference; fileEncoding = 4; lastKnownFileType = sourcecode.swift; path = VoiceCallViewController.swift; sourceTree = "<group>"; };
		8417FCC923DA73AC009DA03C /* VideoCallViewController.swift */ = {isa = PBXFileReference; fileEncoding = 4; lastKnownFileType = sourcecode.swift; path = VideoCallViewController.swift; sourceTree = "<group>"; };
		8417FCCA23DA73AC009DA03C /* TableViewController.swift */ = {isa = PBXFileReference; fileEncoding = 4; lastKnownFileType = sourcecode.swift; path = TableViewController.swift; sourceTree = "<group>"; };
		84798CFA23DA748500C57B5C /* TableViewItem.swift */ = {isa = PBXFileReference; fileEncoding = 4; lastKnownFileType = sourcecode.swift; path = TableViewItem.swift; sourceTree = "<group>"; };
		84A1296923DA727300E6B062 /* BoostlingoQuickstart.app */ = {isa = PBXFileReference; explicitFileType = wrapper.application; includeInIndex = 0; path = BoostlingoQuickstart.app; sourceTree = BUILT_PRODUCTS_DIR; };
		84A1296C23DA727300E6B062 /* AppDelegate.swift */ = {isa = PBXFileReference; lastKnownFileType = sourcecode.swift; path = AppDelegate.swift; sourceTree = "<group>"; };
		84A1297023DA727300E6B062 /* ViewController.swift */ = {isa = PBXFileReference; lastKnownFileType = sourcecode.swift; path = ViewController.swift; sourceTree = "<group>"; };
		84A1297323DA727300E6B062 /* Base */ = {isa = PBXFileReference; lastKnownFileType = file.storyboard; name = Base; path = Base.lproj/Main.storyboard; sourceTree = "<group>"; };
		84A1297523DA727400E6B062 /* Assets.xcassets */ = {isa = PBXFileReference; lastKnownFileType = folder.assetcatalog; path = Assets.xcassets; sourceTree = "<group>"; };
		84A1297823DA727400E6B062 /* Base */ = {isa = PBXFileReference; lastKnownFileType = file.storyboard; name = Base; path = Base.lproj/LaunchScreen.storyboard; sourceTree = "<group>"; };
		84A1297A23DA727400E6B062 /* Info.plist */ = {isa = PBXFileReference; lastKnownFileType = text.plist.xml; path = Info.plist; sourceTree = "<group>"; };
		A40B2FEA5B81BC5114A9CA8B /* Pods_BoostlingoQuickstart.framework */ = {isa = PBXFileReference; explicitFileType = wrapper.framework; includeInIndex = 0; path = Pods_BoostlingoQuickstart.framework; sourceTree = BUILT_PRODUCTS_DIR; };
		C1B33FF01877DA91B7AA7C6D /* Pods-BoostlingoQuickstart.debug.xcconfig */ = {isa = PBXFileReference; includeInIndex = 1; lastKnownFileType = text.xcconfig; name = "Pods-BoostlingoQuickstart.debug.xcconfig"; path = "Target Support Files/Pods-BoostlingoQuickstart/Pods-BoostlingoQuickstart.debug.xcconfig"; sourceTree = "<group>"; };
/* End PBXFileReference section */

/* Begin PBXFrameworksBuildPhase section */
		84A1296623DA727300E6B062 /* Frameworks */ = {
			isa = PBXFrameworksBuildPhase;
			buildActionMask = 2147483647;
			files = (
				DE42AD86C220C6D5B36599FF /* Pods_BoostlingoQuickstart.framework in Frameworks */,
			);
			runOnlyForDeploymentPostprocessing = 0;
		};
/* End PBXFrameworksBuildPhase section */

/* Begin PBXGroup section */
		74E5DD9253188F3191319C03 /* Pods */ = {
			isa = PBXGroup;
			children = (
				C1B33FF01877DA91B7AA7C6D /* Pods-BoostlingoQuickstart.debug.xcconfig */,
				160B247F4E9B336B60D0F5EF /* Pods-BoostlingoQuickstart.release.xcconfig */,
			);
			path = Pods;
			sourceTree = "<group>";
		};
		84A1296023DA727300E6B062 = {
			isa = PBXGroup;
			children = (
				84A1296B23DA727300E6B062 /* BoostlingoQuickstart */,
				84A1296A23DA727300E6B062 /* Products */,
				74E5DD9253188F3191319C03 /* Pods */,
				BB71A23EF11A5D77EB23103E /* Frameworks */,
			);
			sourceTree = "<group>";
		};
		84A1296A23DA727300E6B062 /* Products */ = {
			isa = PBXGroup;
			children = (
				84A1296923DA727300E6B062 /* BoostlingoQuickstart.app */,
			);
			name = Products;
			sourceTree = "<group>";
		};
		84A1296B23DA727300E6B062 /* BoostlingoQuickstart */ = {
			isa = PBXGroup;
			children = (
				84A1296C23DA727300E6B062 /* AppDelegate.swift */,
				84A1297023DA727300E6B062 /* ViewController.swift */,
				8417FCCA23DA73AC009DA03C /* TableViewController.swift */,
				8417FCC923DA73AC009DA03C /* VideoCallViewController.swift */,
				84798CFA23DA748500C57B5C /* TableViewItem.swift */,
				8417FCC823DA73AC009DA03C /* VoiceCallViewController.swift */,
				84A1297223DA727300E6B062 /* Main.storyboard */,
				84A1297523DA727400E6B062 /* Assets.xcassets */,
				84A1297723DA727400E6B062 /* LaunchScreen.storyboard */,
				84A1297A23DA727400E6B062 /* Info.plist */,
			);
			path = BoostlingoQuickstart;
			sourceTree = "<group>";
		};
		BB71A23EF11A5D77EB23103E /* Frameworks */ = {
			isa = PBXGroup;
			children = (
				A40B2FEA5B81BC5114A9CA8B /* Pods_BoostlingoQuickstart.framework */,
			);
			name = Frameworks;
			sourceTree = "<group>";
		};
/* End PBXGroup section */

/* Begin PBXNativeTarget section */
		84A1296823DA727300E6B062 /* BoostlingoQuickstart */ = {
			isa = PBXNativeTarget;
			buildConfigurationList = 84A1297D23DA727400E6B062 /* Build configuration list for PBXNativeTarget "BoostlingoQuickstart" */;
			buildPhases = (
				5680C7CDCA841B93C1A713DC /* [CP] Check Pods Manifest.lock */,
				84A1296523DA727300E6B062 /* Sources */,
				84A1296623DA727300E6B062 /* Frameworks */,
				84A1296723DA727300E6B062 /* Resources */,
				D5E12D44DAFC1052B5DFA45B /* [CP] Embed Pods Frameworks */,
			);
			buildRules = (
			);
			dependencies = (
			);
			name = BoostlingoQuickstart;
			productName = BoostlingoQuickstart;
			productReference = 84A1296923DA727300E6B062 /* BoostlingoQuickstart.app */;
			productType = "com.apple.product-type.application";
		};
/* End PBXNativeTarget section */

/* Begin PBXProject section */
		84A1296123DA727300E6B062 /* Project object */ = {
			isa = PBXProject;
			attributes = {
				LastSwiftUpdateCheck = 1130;
				LastUpgradeCheck = 1320;
				ORGANIZATIONNAME = "Boostlingo LLC";
				TargetAttributes = {
					84A1296823DA727300E6B062 = {
						CreatedOnToolsVersion = 11.3.1;
					};
				};
			};
			buildConfigurationList = 84A1296423DA727300E6B062 /* Build configuration list for PBXProject "BoostlingoQuickstart" */;
			compatibilityVersion = "Xcode 9.3";
			developmentRegion = en;
			hasScannedForEncodings = 0;
			knownRegions = (
				en,
				Base,
			);
			mainGroup = 84A1296023DA727300E6B062;
			productRefGroup = 84A1296A23DA727300E6B062 /* Products */;
			projectDirPath = "";
			projectRoot = "";
			targets = (
				84A1296823DA727300E6B062 /* BoostlingoQuickstart */,
			);
		};
/* End PBXProject section */

/* Begin PBXResourcesBuildPhase section */
		84A1296723DA727300E6B062 /* Resources */ = {
			isa = PBXResourcesBuildPhase;
			buildActionMask = 2147483647;
			files = (
				84A1297923DA727400E6B062 /* LaunchScreen.storyboard in Resources */,
				84A1297623DA727400E6B062 /* Assets.xcassets in Resources */,
				84A1297423DA727300E6B062 /* Main.storyboard in Resources */,
			);
			runOnlyForDeploymentPostprocessing = 0;
		};
/* End PBXResourcesBuildPhase section */

/* Begin PBXShellScriptBuildPhase section */
		5680C7CDCA841B93C1A713DC /* [CP] Check Pods Manifest.lock */ = {
			isa = PBXShellScriptBuildPhase;
			buildActionMask = 2147483647;
			files = (
			);
			inputFileListPaths = (
			);
			inputPaths = (
				"${PODS_PODFILE_DIR_PATH}/Podfile.lock",
				"${PODS_ROOT}/Manifest.lock",
			);
			name = "[CP] Check Pods Manifest.lock";
			outputFileListPaths = (
			);
			outputPaths = (
				"$(DERIVED_FILE_DIR)/Pods-BoostlingoQuickstart-checkManifestLockResult.txt",
			);
			runOnlyForDeploymentPostprocessing = 0;
			shellPath = /bin/sh;
			shellScript = "diff \"${PODS_PODFILE_DIR_PATH}/Podfile.lock\" \"${PODS_ROOT}/Manifest.lock\" > /dev/null\nif [ $? != 0 ] ; then\n    # print error to STDERR\n    echo \"error: The sandbox is not in sync with the Podfile.lock. Run 'pod install' or update your CocoaPods installation.\" >&2\n    exit 1\nfi\n# This output is used by Xcode 'outputs' to avoid re-running this script phase.\necho \"SUCCESS\" > \"${SCRIPT_OUTPUT_FILE_0}\"\n";
			showEnvVarsInLog = 0;
		};
		D5E12D44DAFC1052B5DFA45B /* [CP] Embed Pods Frameworks */ = {
			isa = PBXShellScriptBuildPhase;
			buildActionMask = 2147483647;
			files = (
			);
			inputFileListPaths = (
				"${PODS_ROOT}/Target Support Files/Pods-BoostlingoQuickstart/Pods-BoostlingoQuickstart-frameworks-${CONFIGURATION}-input-files.xcfilelist",
			);
			name = "[CP] Embed Pods Frameworks";
			outputFileListPaths = (
				"${PODS_ROOT}/Target Support Files/Pods-BoostlingoQuickstart/Pods-BoostlingoQuickstart-frameworks-${CONFIGURATION}-output-files.xcfilelist",
			);
			runOnlyForDeploymentPostprocessing = 0;
			shellPath = /bin/sh;
			shellScript = "\"${PODS_ROOT}/Target Support Files/Pods-BoostlingoQuickstart/Pods-BoostlingoQuickstart-frameworks.sh\"\n";
			showEnvVarsInLog = 0;
		};
/* End PBXShellScriptBuildPhase section */

/* Begin PBXSourcesBuildPhase section */
		84A1296523DA727300E6B062 /* Sources */ = {
			isa = PBXSourcesBuildPhase;
			buildActionMask = 2147483647;
			files = (
				8417FCCB23DA73AC009DA03C /* VoiceCallViewController.swift in Sources */,
				84A1297123DA727300E6B062 /* ViewController.swift in Sources */,
				8417FCCC23DA73AC009DA03C /* VideoCallViewController.swift in Sources */,
				8417FCCD23DA73AC009DA03C /* TableViewController.swift in Sources */,
				84798CFB23DA748500C57B5C /* TableViewItem.swift in Sources */,
				84A1296D23DA727300E6B062 /* AppDelegate.swift in Sources */,
			);
			runOnlyForDeploymentPostprocessing = 0;
		};
/* End PBXSourcesBuildPhase section */

/* Begin PBXVariantGroup section */
		84A1297223DA727300E6B062 /* Main.storyboard */ = {
			isa = PBXVariantGroup;
			children = (
				84A1297323DA727300E6B062 /* Base */,
			);
			name = Main.storyboard;
			sourceTree = "<group>";
		};
		84A1297723DA727400E6B062 /* LaunchScreen.storyboard */ = {
			isa = PBXVariantGroup;
			children = (
				84A1297823DA727400E6B062 /* Base */,
			);
			name = LaunchScreen.storyboard;
			sourceTree = "<group>";
		};
/* End PBXVariantGroup section */

/* Begin XCBuildConfiguration section */
		84A1297B23DA727400E6B062 /* Debug */ = {
			isa = XCBuildConfiguration;
			buildSettings = {
				ALWAYS_SEARCH_USER_PATHS = NO;
				CLANG_ANALYZER_NONNULL = YES;
				CLANG_ANALYZER_NUMBER_OBJECT_CONVERSION = YES_AGGRESSIVE;
				CLANG_CXX_LANGUAGE_STANDARD = "gnu++14";
				CLANG_CXX_LIBRARY = "libc++";
				CLANG_ENABLE_MODULES = YES;
				CLANG_ENABLE_OBJC_ARC = YES;
				CLANG_ENABLE_OBJC_WEAK = YES;
				CLANG_WARN_BLOCK_CAPTURE_AUTORELEASING = YES;
				CLANG_WARN_BOOL_CONVERSION = YES;
				CLANG_WARN_COMMA = YES;
				CLANG_WARN_CONSTANT_CONVERSION = YES;
				CLANG_WARN_DEPRECATED_OBJC_IMPLEMENTATIONS = YES;
				CLANG_WARN_DIRECT_OBJC_ISA_USAGE = YES_ERROR;
				CLANG_WARN_DOCUMENTATION_COMMENTS = YES;
				CLANG_WARN_EMPTY_BODY = YES;
				CLANG_WARN_ENUM_CONVERSION = YES;
				CLANG_WARN_INFINITE_RECURSION = YES;
				CLANG_WARN_INT_CONVERSION = YES;
				CLANG_WARN_NON_LITERAL_NULL_CONVERSION = YES;
				CLANG_WARN_OBJC_IMPLICIT_RETAIN_SELF = YES;
				CLANG_WARN_OBJC_LITERAL_CONVERSION = YES;
				CLANG_WARN_OBJC_ROOT_CLASS = YES_ERROR;
				CLANG_WARN_QUOTED_INCLUDE_IN_FRAMEWORK_HEADER = YES;
				CLANG_WARN_RANGE_LOOP_ANALYSIS = YES;
				CLANG_WARN_STRICT_PROTOTYPES = YES;
				CLANG_WARN_SUSPICIOUS_MOVE = YES;
				CLANG_WARN_UNGUARDED_AVAILABILITY = YES_AGGRESSIVE;
				CLANG_WARN_UNREACHABLE_CODE = YES;
				CLANG_WARN__DUPLICATE_METHOD_MATCH = YES;
				COPY_PHASE_STRIP = NO;
				DEBUG_INFORMATION_FORMAT = dwarf;
				ENABLE_STRICT_OBJC_MSGSEND = YES;
				ENABLE_TESTABILITY = YES;
				GCC_C_LANGUAGE_STANDARD = gnu11;
				GCC_DYNAMIC_NO_PIC = NO;
				GCC_NO_COMMON_BLOCKS = YES;
				GCC_OPTIMIZATION_LEVEL = 0;
				GCC_PREPROCESSOR_DEFINITIONS = (
					"DEBUG=1",
					"$(inherited)",
				);
				GCC_WARN_64_TO_32_BIT_CONVERSION = YES;
				GCC_WARN_ABOUT_RETURN_TYPE = YES_ERROR;
				GCC_WARN_UNDECLARED_SELECTOR = YES;
				GCC_WARN_UNINITIALIZED_AUTOS = YES_AGGRESSIVE;
				GCC_WARN_UNUSED_FUNCTION = YES;
				GCC_WARN_UNUSED_VARIABLE = YES;
				IPHONEOS_DEPLOYMENT_TARGET = 13.2;
				MTL_ENABLE_DEBUG_INFO = INCLUDE_SOURCE;
				MTL_FAST_MATH = YES;
				ONLY_ACTIVE_ARCH = YES;
				SDKROOT = iphoneos;
				SWIFT_ACTIVE_COMPILATION_CONDITIONS = DEBUG;
				SWIFT_OPTIMIZATION_LEVEL = "-Onone";
			};
			name = Debug;
		};
		84A1297C23DA727400E6B062 /* Release */ = {
			isa = XCBuildConfiguration;
			buildSettings = {
				ALWAYS_SEARCH_USER_PATHS = NO;
				CLANG_ANALYZER_NONNULL = YES;
				CLANG_ANALYZER_NUMBER_OBJECT_CONVERSION = YES_AGGRESSIVE;
				CLANG_CXX_LANGUAGE_STANDARD = "gnu++14";
				CLANG_CXX_LIBRARY = "libc++";
				CLANG_ENABLE_MODULES = YES;
				CLANG_ENABLE_OBJC_ARC = YES;
				CLANG_ENABLE_OBJC_WEAK = YES;
				CLANG_WARN_BLOCK_CAPTURE_AUTORELEASING = YES;
				CLANG_WARN_BOOL_CONVERSION = YES;
				CLANG_WARN_COMMA = YES;
				CLANG_WARN_CONSTANT_CONVERSION = YES;
				CLANG_WARN_DEPRECATED_OBJC_IMPLEMENTATIONS = YES;
				CLANG_WARN_DIRECT_OBJC_ISA_USAGE = YES_ERROR;
				CLANG_WARN_DOCUMENTATION_COMMENTS = YES;
				CLANG_WARN_EMPTY_BODY = YES;
				CLANG_WARN_ENUM_CONVERSION = YES;
				CLANG_WARN_INFINITE_RECURSION = YES;
				CLANG_WARN_INT_CONVERSION = YES;
				CLANG_WARN_NON_LITERAL_NULL_CONVERSION = YES;
				CLANG_WARN_OBJC_IMPLICIT_RETAIN_SELF = YES;
				CLANG_WARN_OBJC_LITERAL_CONVERSION = YES;
				CLANG_WARN_OBJC_ROOT_CLASS = YES_ERROR;
				CLANG_WARN_QUOTED_INCLUDE_IN_FRAMEWORK_HEADER = YES;
				CLANG_WARN_RANGE_LOOP_ANALYSIS = YES;
				CLANG_WARN_STRICT_PROTOTYPES = YES;
				CLANG_WARN_SUSPICIOUS_MOVE = YES;
				CLANG_WARN_UNGUARDED_AVAILABILITY = YES_AGGRESSIVE;
				CLANG_WARN_UNREACHABLE_CODE = YES;
				CLANG_WARN__DUPLICATE_METHOD_MATCH = YES;
				COPY_PHASE_STRIP = NO;
				DEBUG_INFORMATION_FORMAT = "dwarf-with-dsym";
				ENABLE_NS_ASSERTIONS = NO;
				ENABLE_STRICT_OBJC_MSGSEND = YES;
				GCC_C_LANGUAGE_STANDARD = gnu11;
				GCC_NO_COMMON_BLOCKS = YES;
				GCC_WARN_64_TO_32_BIT_CONVERSION = YES;
				GCC_WARN_ABOUT_RETURN_TYPE = YES_ERROR;
				GCC_WARN_UNDECLARED_SELECTOR = YES;
				GCC_WARN_UNINITIALIZED_AUTOS = YES_AGGRESSIVE;
				GCC_WARN_UNUSED_FUNCTION = YES;
				GCC_WARN_UNUSED_VARIABLE = YES;
				IPHONEOS_DEPLOYMENT_TARGET = 13.2;
				MTL_ENABLE_DEBUG_INFO = NO;
				MTL_FAST_MATH = YES;
				SDKROOT = iphoneos;
				SWIFT_COMPILATION_MODE = wholemodule;
				SWIFT_OPTIMIZATION_LEVEL = "-O";
				VALIDATE_PRODUCT = YES;
			};
			name = Release;
		};
		84A1297E23DA727400E6B062 /* Debug */ = {
			isa = XCBuildConfiguration;
			baseConfigurationReference = C1B33FF01877DA91B7AA7C6D /* Pods-BoostlingoQuickstart.debug.xcconfig */;
			buildSettings = {
				ASSETCATALOG_COMPILER_APPICON_NAME = AppIcon;
				CODE_SIGN_STYLE = Automatic;
				DEVELOPMENT_TEAM = 2FL58TQ7M6;
				INFOPLIST_FILE = BoostlingoQuickstart/Info.plist;
				IPHONEOS_DEPLOYMENT_TARGET = 12.0;
				LD_RUNPATH_SEARCH_PATHS = (
					"$(inherited)",
					"@executable_path/Frameworks",
				);
				MARKETING_VERSION = 1.0.0;
				PRODUCT_BUNDLE_IDENTIFIER = com.boostlingo.BoostlingoQuickstart;
				PRODUCT_NAME = "$(TARGET_NAME)";
				SWIFT_VERSION = 5.0;
				TARGETED_DEVICE_FAMILY = "1,2";
			};
			name = Debug;
		};
		84A1297F23DA727400E6B062 /* Release */ = {
			isa = XCBuildConfiguration;
			baseConfigurationReference = 160B247F4E9B336B60D0F5EF /* Pods-BoostlingoQuickstart.release.xcconfig */;
			buildSettings = {
				ASSETCATALOG_COMPILER_APPICON_NAME = AppIcon;
				CODE_SIGN_STYLE = Automatic;
				DEVELOPMENT_TEAM = 2FL58TQ7M6;
				INFOPLIST_FILE = BoostlingoQuickstart/Info.plist;
				IPHONEOS_DEPLOYMENT_TARGET = 12.0;
				LD_RUNPATH_SEARCH_PATHS = (
					"$(inherited)",
					"@executable_path/Frameworks",
				);
				MARKETING_VERSION = 1.0.0;
				PRODUCT_BUNDLE_IDENTIFIER = com.boostlingo.BoostlingoQuickstart;
				PRODUCT_NAME = "$(TARGET_NAME)";
				SWIFT_VERSION = 5.0;
				TARGETED_DEVICE_FAMILY = "1,2";
			};
			name = Release;
		};
/* End XCBuildConfiguration section */

/* Begin XCConfigurationList section */
		84A1296423DA727300E6B062 /* Build configuration list for PBXProject "BoostlingoQuickstart" */ = {
			isa = XCConfigurationList;
			buildConfigurations = (
				84A1297B23DA727400E6B062 /* Debug */,
				84A1297C23DA727400E6B062 /* Release */,
			);
			defaultConfigurationIsVisible = 0;
			defaultConfigurationName = Release;
		};
		84A1297D23DA727400E6B062 /* Build configuration list for PBXNativeTarget "BoostlingoQuickstart" */ = {
			isa = XCConfigurationList;
			buildConfigurations = (
				84A1297E23DA727400E6B062 /* Debug */,
				84A1297F23DA727400E6B062 /* Release */,
			);
			defaultConfigurationIsVisible = 0;
			defaultConfigurationName = Release;
		};
/* End XCConfigurationList section */
	};
	rootObject = 84A1296123DA727300E6B062 /* Project object */;
}
