PODS:
  - BoostlingoSDK (1.0.0):
    - SwiftSignalRClient (= 0.9.0)
    - TwilioVideo (= 5.1.1)
    - TwilioVoice (= 6.4.2)
  - SwiftSignalRClient (0.9.0)
  - TwilioVideo (5.1.1)
  - TwilioVoice (6.4.2)

DEPENDENCIES:
  - BoostlingoSDK (= 1.0.0)

SPEC REPOS:
  https://github.com/CocoaPods/Specs.git:
    - BoostlingoSDK
    - SwiftSignalRClient
    - TwilioVideo
    - TwilioVoice

SPEC CHECKSUMS:
  BoostlingoSDK: 563ec34aac19090a6410d3861981df052c234f0d
  SwiftSignalRClient: aba134f3d30f7eeb01008929e387b6e66546c7d5
  TwilioVideo: 56aa8ca29205fff9ba69e167f818febd2d41ff95
  TwilioVoice: 1bafb36f8709e60097086137c0d48205a46009d6

PODFILE CHECKSUM: 563510c019e5806b7e4d879d2058afcc1636090e

COCOAPODS: 1.11.3
