PODS:
  - BoostlingoSDK (0.2.1):
    - TwilioVideo (~> 3.1.0)
    - TwilioVoice (~> 5.0.0)
  - TwilioVideo (3.1.0)
  - TwilioVoice (5.0.0)

DEPENDENCIES:
  - BoostlingoSDK (= 0.2.0)

SPEC REPOS:
  https://github.com/CocoaPods/Specs.git:
    - BoostlingoSDK
    - TwilioVideo
    - TwilioVoice

SPEC CHECKSUMS:
  BoostlingoSDK: 9aa010eeb3348926f0c07ede089453aef65ec982
  TwilioVideo: 29a68bf91236464fb9770bd1cde77514f0ef4ed5
  TwilioVoice: b75c5120e1e6a7402fd1f9f4917e8215ce8d7baf

PODFILE CHECKSUM: bdb05eeed0416a51c2a0b1573565d4a7a7e3955f

COCOAPODS: 1.8.4
